{
  "name": "create-joel-app",
  "version": "1.0.7",
  "lockfileVersion": 3,
  "requires": true,
  "packages": {
    "": {
      "name": "create-joel-app",
      "version": "1.0.7",
      "license": "MIT",
      "bin": {
        "create-joel-app": "create-joel-app.sh"
      },
      "devDependencies": {
        "@types/node": "^18.15.11"
      }
    },
    "node_modules/@types/node": {
      "version": "18.15.11",
      "resolved": "https://registry.npmjs.org/@types/node/-/node-18.15.11.tgz",
      "integrity": "sha512-E5Kwq2n4SbMzQOn6wnmBjuK9ouqlURrcZDVfbo9ftDDTFt3nk7ZKK4GMOzoYgnpQJKcxwQw+lGaBvvlMo0qN/Q==",
      "dev": true
    }
  }
}
